
Microsoft Visual Studio Solution File, Format Version 12.00
# Visual Studio Version 17
VisualStudioVersion = 17.6.33829.357
MinimumVisualStudioVersion = 10.0.40219.1
Project("{9A19103F-16F7-4668-BE54-9A1E7A4F7556}") = "ForentKemonoUltraDownloader", "ForentKemonoUltraDownloader.csproj", "{B606D3C6-19E4-473C-BED8-35D3775DBA2E}"
EndProject
Global
	GlobalSection(SolutionConfigurationPlatforms) = preSolution
		Debug|Any CPU = Debug|Any CPU
		Release|Any CPU = Release|Any CPU
	EndGlobalSection
	GlobalSection(ProjectConfigurationPlatforms) = postSolution
		{B606D3C6-19E4-473C-BED8-35D3775DBA2E}.Debug|Any CPU.ActiveCfg = Debug|Any CPU
		{B606D3C6-19E4-473C-BED8-35D3775DBA2E}.Debug|Any CPU.Build.0 = Debug|Any CPU
		{B606D3C6-19E4-473C-BED8-35D3775DBA2E}.Release|Any CPU.ActiveCfg = Release|Any CPU
		{B606D3C6-19E4-473C-BED8-35D3775DBA2E}.Release|Any CPU.Build.0 = Release|Any CPU
	EndGlobalSection
	GlobalSection(SolutionProperties) = preSolution
		HideSolutionNode = FALSE
	EndGlobalSection
	GlobalSection(ExtensibilityGlobals) = postSolution
		SolutionGuid = {4639A027-6875-4589-8A7B-9B8D657F694D}
	EndGlobalSection
EndGlobal
